// !$*UTF8*$!
{
	archiveVersion = 1;
	classes = {
	};
	objectVersion = 39;
	objects = {
		014CEA440018CDF011CA2923 = {
			buildSettings = {
				COPY_PHASE_STRIP = NO;
				GCC_CW_ASM_SYNTAX = NO;
				GCC_DYNAMIC_NO_PIC = NO;
				GCC_ENABLE_FIX_AND_CONTINUE = YES;
				GCC_ENABLE_PASCAL_STRINGS = NO;
				GCC_GENERATE_DEBUGGING_SYMBOLS = YES;
				GCC_MODEL_TUNING = G3;
				GCC_OPTIMIZATION_LEVEL = 0;
				ZERO_LINK = YES;
			};
			isa = PBXBuildStyle;
			name = Development;
		};
		014CEA450018CDF011CA2923 = {
			buildSettings = {
				COPY_PHASE_STRIP = YES;
				GCC_CW_ASM_SYNTAX = NO;
				GCC_ENABLE_FIX_AND_CONTINUE = NO;
				GCC_ENABLE_PASCAL_STRINGS = NO;
				GCC_MODEL_TUNING = G3;
				ZERO_LINK = NO;
			};
			isa = PBXBuildStyle;
			name = Deployment;
		};
//010
//011
//012
//013
//014
//030
//031
//032
//033
//034
		034768DFFF38A50411DB9C8B = {
			children = (
				8DC2EF5B0486A6940098B216,
			);
			isa = PBXGroup;
			name = Products;
			refType = 4;
			sourceTree = "<group>";
		};
//030
//031
//032
//033
//034
//080
//081
//082
//083
//084
		0867D690FE84028FC02AAC07 = {
			buildSettings = {
			};
			buildStyles = (
				014CEA440018CDF011CA2923,
				014CEA450018CDF011CA2923,
			);
			hasScannedForEncodings = 1;
			isa = PBXProject;
			mainGroup = 0867D691FE84028FC02AAC07;
			productRefGroup = 034768DFFF38A50411DB9C8B;
			projectDirPath = "";
			targets = (
				8DC2EF4F0486A6940098B216,
			);
		};
		0867D691FE84028FC02AAC07 = {
			children = (
				08FB77AEFE84172EC02AAC07,
				32C88DFF0371C24200C91783,
				089C1665FE841158C02AAC07,
				0867D69AFE84028FC02AAC07,
				034768DFFF38A50411DB9C8B,
			);
			isa = PBXGroup;
			name = netclasses;
			refType = 4;
			sourceTree = "<group>";
		};
		0867D69AFE84028FC02AAC07 = {
			children = (
				1058C7B0FEA5585E11CA2CBB,
				1058C7B2FEA5585E11CA2CBB,
			);
			isa = PBXGroup;
			name = "External Frameworks and Libraries";
			refType = 4;
			sourceTree = "<group>";
		};
		0867D69BFE84028FC02AAC07 = {
			isa = PBXFileReference;
			lastKnownFileType = wrapper.framework;
			name = Foundation.framework;
			path = /System/Library/Frameworks/Foundation.framework;
			refType = 0;
			sourceTree = "<absolute>";
		};
		0867D6A5FE840307C02AAC07 = {
			isa = PBXFileReference;
			lastKnownFileType = wrapper.framework;
			name = AppKit.framework;
			path = /System/Library/Frameworks/AppKit.framework;
			refType = 0;
			sourceTree = "<absolute>";
		};
		089C1665FE841158C02AAC07 = {
			children = (
				8DC2EF5A0486A6940098B216,
				089C1666FE841158C02AAC07,
			);
			isa = PBXGroup;
			name = Resources;
			refType = 4;
			sourceTree = "<group>";
		};
		089C1666FE841158C02AAC07 = {
			children = (
				089C1667FE841158C02AAC07,
			);
			isa = PBXVariantGroup;
			name = InfoPlist.strings;
			refType = 4;
			sourceTree = "<group>";
		};
		089C1667FE841158C02AAC07 = {
			fileEncoding = 10;
			isa = PBXFileReference;
			lastKnownFileType = text.plist.strings;
			name = English;
			path = English.lproj/InfoPlist.strings;
			refType = 4;
			sourceTree = "<group>";
		};
		08FB77AEFE84172EC02AAC07 = {
			children = (
				857EEC941A8FC67D00EEC00A,
				857EEC951A8FC67D00EEC00A,
				857EEC961A8FC67D00EEC00A,
				857EEC971A8FC67D00EEC00A,
				857EEC981A8FC67D00EEC00A,
				857EEC991A8FC67D00EEC00A,
				857EEC9A1A8FC67D00EEC00A,
				857EEC9B1A8FC67D00EEC00A,
			);
			isa = PBXGroup;
			name = Classes;
			refType = 4;
			sourceTree = "<group>";
		};
//080
//081
//082
//083
//084
//100
//101
//102
//103
//104
		1058C7B0FEA5585E11CA2CBB = {
			children = (
				1058C7B1FEA5585E11CA2CBB,
			);
			isa = PBXGroup;
			name = "Linked Frameworks";
			refType = 4;
			sourceTree = "<group>";
		};
		1058C7B1FEA5585E11CA2CBB = {
			isa = PBXFileReference;
			lastKnownFileType = wrapper.framework;
			name = Cocoa.framework;
			path = /System/Library/Frameworks/Cocoa.framework;
			refType = 0;
			sourceTree = "<absolute>";
		};
		1058C7B2FEA5585E11CA2CBB = {
			children = (
				0867D69BFE84028FC02AAC07,
				0867D6A5FE840307C02AAC07,
			);
			isa = PBXGroup;
			name = "Other Frameworks";
			refType = 4;
			sourceTree = "<group>";
		};
//100
//101
//102
//103
//104
//320
//321
//322
//323
//324
		32C88DFF0371C24200C91783 = {
			children = (
				857EECA61A8FC6B500EEC00A,
			);
			isa = PBXGroup;
			name = "Other Sources";
			refType = 4;
			sourceTree = "<group>";
		};
//320
//321
//322
//323
//324
//850
//851
//852
//853
//854
		857EEC941A8FC67D00EEC00A = {
			fileEncoding = 30;
			isa = PBXFileReference;
			lastKnownFileType = sourcecode.c.h;
			name = IRCObject.h;
			path = Source/IRCObject.h;
			refType = 4;
			sourceTree = "<group>";
		};
		857EEC951A8FC67D00EEC00A = {
			fileEncoding = 30;
			isa = PBXFileReference;
			lastKnownFileType = sourcecode.c.objc;
			name = IRCObject.m;
			path = Source/IRCObject.m;
			refType = 4;
			sourceTree = "<group>";
		};
		857EEC961A8FC67D00EEC00A = {
			fileEncoding = 30;
			isa = PBXFileReference;
			lastKnownFileType = sourcecode.c.h;
			name = LineObject.h;
			path = Source/LineObject.h;
			refType = 4;
			sourceTree = "<group>";
		};
		857EEC971A8FC67D00EEC00A = {
			fileEncoding = 30;
			isa = PBXFileReference;
			lastKnownFileType = sourcecode.c.objc;
			name = LineObject.m;
			path = Source/LineObject.m;
			refType = 4;
			sourceTree = "<group>";
		};
		857EEC981A8FC67D00EEC00A = {
			fileEncoding = 30;
			isa = PBXFileReference;
			lastKnownFileType = sourcecode.c.h;
			name = NetBase.h;
			path = Source/NetBase.h;
			refType = 4;
			sourceTree = "<group>";
		};
		857EEC991A8FC67D00EEC00A = {
			fileEncoding = 30;
			isa = PBXFileReference;
			lastKnownFileType = sourcecode.c.objc;
			name = NetBase.m;
			path = Source/NetBase.m;
			refType = 4;
			sourceTree = "<group>";
		};
		857EEC9A1A8FC67D00EEC00A = {
			fileEncoding = 30;
			isa = PBXFileReference;
			lastKnownFileType = sourcecode.c.h;
			name = NetTCP.h;
			path = Source/NetTCP.h;
			refType = 4;
			sourceTree = "<group>";
		};
		857EEC9B1A8FC67D00EEC00A = {
			fileEncoding = 30;
			isa = PBXFileReference;
			lastKnownFileType = sourcecode.c.objc;
			name = NetTCP.m;
			path = Source/NetTCP.m;
			refType = 4;
			sourceTree = "<group>";
		};
		857EEC9C1A8FC67D00EEC00A = {
			fileRef = 857EEC941A8FC67D00EEC00A;
			isa = PBXBuildFile;
			settings = {
				ATTRIBUTES = (
					Public,
				);
			};
		};
		857EEC9D1A8FC67D00EEC00A = {
			fileRef = 857EEC951A8FC67D00EEC00A;
			isa = PBXBuildFile;
			settings = {
			};
		};
		857EEC9E1A8FC67D00EEC00A = {
			fileRef = 857EEC961A8FC67D00EEC00A;
			isa = PBXBuildFile;
			settings = {
				ATTRIBUTES = (
					Public,
				);
			};
		};
		857EEC9F1A8FC67D00EEC00A = {
			fileRef = 857EEC971A8FC67D00EEC00A;
			isa = PBXBuildFile;
			settings = {
			};
		};
		857EECA01A8FC67D00EEC00A = {
			fileRef = 857EEC981A8FC67D00EEC00A;
			isa = PBXBuildFile;
			settings = {
				ATTRIBUTES = (
					Public,
				);
			};
		};
		857EECA11A8FC67D00EEC00A = {
			fileRef = 857EEC991A8FC67D00EEC00A;
			isa = PBXBuildFile;
			settings = {
			};
		};
		857EECA21A8FC67D00EEC00A = {
			fileRef = 857EEC9A1A8FC67D00EEC00A;
			isa = PBXBuildFile;
			settings = {
				ATTRIBUTES = (
					Public,
				);
			};
		};
		857EECA31A8FC67D00EEC00A = {
			fileRef = 857EEC9B1A8FC67D00EEC00A;
			isa = PBXBuildFile;
			settings = {
			};
		};
		857EECA61A8FC6B500EEC00A = {
			fileEncoding = 30;
			isa = PBXFileReference;
			lastKnownFileType = sourcecode.c.h;
			name = config.h;
			path = Source/config.h;
			refType = 4;
			sourceTree = "<group>";
		};
		857EECA71A8FC6B500EEC00A = {
			fileRef = 857EECA61A8FC6B500EEC00A;
			isa = PBXBuildFile;
			settings = {
			};
		};
//850
//851
//852
//853
//854
//8D0
//8D1
//8D2
//8D3
//8D4
		8DC2EF4F0486A6940098B216 = {
			buildPhases = (
				8DC2EF500486A6940098B216,
				8DC2EF520486A6940098B216,
				8DC2EF540486A6940098B216,
				8DC2EF560486A6940098B216,
			);
			buildRules = (
			);
			buildSettings = {
				DYLIB_COMPATIBILITY_VERSION = 1;
				DYLIB_CURRENT_VERSION = 1;
				FRAMEWORK_VERSION = A;
				GCC_CW_ASM_SYNTAX = NO;
				GCC_ENABLE_PASCAL_STRINGS = NO;
				GCC_GENERATE_DEBUGGING_SYMBOLS = NO;
				GCC_MODEL_TUNING = G3;
				GCC_PRECOMPILE_PREFIX_HEADER = NO;
				GCC_PREFIX_HEADER = "";
				INFOPLIST_FILE = Info.plist;
				INSTALL_PATH = "@executable_path/../Frameworks";
				LIBRARY_STYLE = DYNAMIC;
				PRODUCT_NAME = netclasses;
				SKIP_INSTALL = YES;
				WRAPPER_EXTENSION = framework;
			};
			dependencies = (
			);
			isa = PBXNativeTarget;
			name = netclasses;
			productInstallPath = "$(HOME)/Library/Frameworks";
			productName = netclasses;
			productReference = 8DC2EF5B0486A6940098B216;
			productType = "com.apple.product-type.framework";
		};
		8DC2EF500486A6940098B216 = {
			buildActionMask = 2147483647;
			files = (
				857EEC9C1A8FC67D00EEC00A,
				857EEC9E1A8FC67D00EEC00A,
				857EECA01A8FC67D00EEC00A,
				857EECA21A8FC67D00EEC00A,
				857EECA71A8FC6B500EEC00A,
			);
			isa = PBXHeadersBuildPhase;
			runOnlyForDeploymentPostprocessing = 0;
		};
		8DC2EF520486A6940098B216 = {
			buildActionMask = 2147483647;
			files = (
				8DC2EF530486A6940098B216,
			);
			isa = PBXResourcesBuildPhase;
			runOnlyForDeploymentPostprocessing = 0;
		};
		8DC2EF530486A6940098B216 = {
			fileRef = 089C1666FE841158C02AAC07;
			isa = PBXBuildFile;
			settings = {
			};
		};
		8DC2EF540486A6940098B216 = {
			buildActionMask = 2147483647;
			files = (
				857EEC9D1A8FC67D00EEC00A,
				857EEC9F1A8FC67D00EEC00A,
				857EECA11A8FC67D00EEC00A,
				857EECA31A8FC67D00EEC00A,
			);
			isa = PBXSourcesBuildPhase;
			runOnlyForDeploymentPostprocessing = 0;
		};
		8DC2EF560486A6940098B216 = {
			buildActionMask = 2147483647;
			files = (
				8DC2EF570486A6940098B216,
			);
			isa = PBXFrameworksBuildPhase;
			runOnlyForDeploymentPostprocessing = 0;
		};
		8DC2EF570486A6940098B216 = {
			fileRef = 1058C7B1FEA5585E11CA2CBB;
			isa = PBXBuildFile;
			settings = {
			};
		};
		8DC2EF5A0486A6940098B216 = {
			fileEncoding = 4;
			isa = PBXFileReference;
			lastKnownFileType = text.plist;
			path = Info.plist;
			refType = 4;
			sourceTree = "<group>";
		};
		8DC2EF5B0486A6940098B216 = {
			explicitFileType = wrapper.framework;
			includeInIndex = 0;
			isa = PBXFileReference;
			path = netclasses.framework;
			refType = 3;
			sourceTree = BUILT_PRODUCTS_DIR;
		};
	};
	rootObject = 0867D690FE84028FC02AAC07;
}
